<?xml version="1.0" encoding="utf-8"?>
<Project ToolsVersion="4.0" xmlns="http://schemas.microsoft.com/developer/msbuild/2003">
  <ItemGroup>
    <Filter Include="Core">
      <UniqueIdentifier>{0c941b86-cdee-4eae-9d05-c11d2697f24e}</UniqueIdentifier>
    </Filter>
    <Filter Include="Core\Memory">
      <UniqueIdentifier>{547f8a3e-5f19-40bf-9659-3746ceed649b}</UniqueIdentifier>
    </Filter>
    <Filter Include="Core\Types">
      <UniqueIdentifier>{4991d312-5c4e-435f-a36d-95ce0895efbe}</UniqueIdentifier>
    </Filter>
    <Filter Include="Core\Graphics">
      <UniqueIdentifier>{bcd75f1c-54d1-44c7-8e69-8db24a4e45ce}</UniqueIdentifier>
    </Filter>
    <Filter Include="Core\Util">
      <UniqueIdentifier>{b812f6cf-8730-4af0-99f4-481af8837b13}</UniqueIdentifier>
    </Filter>
    <Filter Include="Toolkit">
      <UniqueIdentifier>{13573912-9c73-4784-a6b3-472a21077f2e}</UniqueIdentifier>
    </Filter>
    <Filter Include="Core\Graphics\Shaders">
      <UniqueIdentifier>{4e3e325f-0f75-4af2-b620-371da2102c66}</UniqueIdentifier>
    </Filter>
    <Filter Include="Resources">
      <UniqueIdentifier>{68b09cc3-20d9-4dae-973a-58d23c9490ba}</UniqueIdentifier>
    </Filter>
    <Filter Include="Toolkit\AI">
      <UniqueIdentifier>{572d5203-c650-490f-8e98-9fa418835946}</UniqueIdentifier>
    </Filter>
    <Filter Include="Game">
      <UniqueIdentifier>{31dc2017-d82b-49a9-b5b9-8f227427a86a}</UniqueIdentifier>
    </Filter>
    <Filter Include="Toolkit\Debugging">
      <UniqueIdentifier>{bfc8cf2e-9b67-41ac-ad30-60d3239f476a}</UniqueIdentifier>
    </Filter>
  </ItemGroup>
  <ItemGroup>
    <Text Include="ReadMe.txt" />
  </ItemGroup>
  <ItemGroup>
    <ClInclude Include="Core\Memory\MemoryManager.h">
      <Filter>Core\Memory</Filter>
    </ClInclude>
    <ClInclude Include="Core\Memory\Allocator.h">
      <Filter>Core\Memory</Filter>
    </ClInclude>
    <ClInclude Include="stdafx.h" />
    <ClInclude Include="targetver.h" />
    <ClInclude Include="Core\CoreTypes.h">
      <Filter>Core</Filter>
    </ClInclude>
    <ClInclude Include="Core\Types\Types.h">
      <Filter>Core\Types</Filter>
    </ClInclude>
    <ClInclude Include="Core\Types\FixedString.h">
      <Filter>Core\Types</Filter>
    </ClInclude>
    <ClInclude Include="Game.h" />
    <ClInclude Include="Core\Graphics\RenderManager.h">
      <Filter>Core\Graphics</Filter>
    </ClInclude>
    <ClInclude Include="Core\Graphics\Shaders\Shader.h">
      <Filter>Core\Graphics\Shaders</Filter>
    </ClInclude>
    <ClInclude Include="Core\Graphics\Shaders\VertexLayout.h">
      <Filter>Core\Graphics\Shaders</Filter>
    </ClInclude>
    <ClInclude Include="Resources\resource.h" />
    <ClInclude Include="Toolkit\Debugging\DebugConsole.h">
      <Filter>Toolkit\Debugging</Filter>
    </ClInclude>
    <ClInclude Include="Toolkit\Debugging\Asserter.h">
      <Filter>Toolkit\Debugging</Filter>
    </ClInclude>
    <ClInclude Include="Core\Memory\LinearAllocator.h">
      <Filter>Core\Memory</Filter>
    </ClInclude>
    <ClInclude Include="Core\Util\PointerMath.h">
      <Filter>Core\Util</Filter>
    </ClInclude>
    <ClInclude Include="Core\Util\Util.h">
      <Filter>Core\Util</Filter>
    </ClInclude>
    <ClInclude Include="Core\Memory\StackAllocator.h">
      <Filter>Core\Memory</Filter>
    </ClInclude>
    <ClInclude Include="Core\Memory\FreeListAllocator.h">
      <Filter>Core\Memory</Filter>
    </ClInclude>
    <ClInclude Include="Core\Memory\PoolAllocator.h">
      <Filter>Core\Memory</Filter>
    </ClInclude>
    <ClInclude Include="Core\Memory\ProxyAllocator.h">
      <Filter>Core\Memory</Filter>
    </ClInclude>
  </ItemGroup>
  <ItemGroup>
    <ClCompile Include="Core\Memory\MemoryManager.cpp">
      <Filter>Core\Memory</Filter>
    </ClCompile>
    <ClCompile Include="Lithium.cpp" />
    <ClCompile Include="stdafx.cpp" />
    <ClCompile Include="Game.cpp" />
    <ClCompile Include="Core\Graphics\RenderManager.cpp">
      <Filter>Core\Graphics</Filter>
    </ClCompile>
    <ClCompile Include="Core\Graphics\Shaders\Shader.cpp">
      <Filter>Core\Graphics\Shaders</Filter>
    </ClCompile>
    <ClCompile Include="Core\Graphics\Shaders\VertexLayout.cpp">
      <Filter>Core\Graphics\Shaders</Filter>
    </ClCompile>
    <ClCompile Include="Toolkit\Debugging\DebugConsole.cpp">
      <Filter>Toolkit\Debugging</Filter>
    </ClCompile>
    <ClCompile Include="Toolkit\Debugging\Asserter.cpp">
      <Filter>Toolkit\Debugging</Filter>
    </ClCompile>
    <ClCompile Include="Core\Memory\Allocator.cpp">
      <Filter>Core\Memory</Filter>
    </ClCompile>
    <ClCompile Include="Core\Memory\LinearAllocator.cpp">
      <Filter>Core\Memory</Filter>
    </ClCompile>
    <ClCompile Include="Core\Memory\StackAllocator.cpp">
      <Filter>Core\Memory</Filter>
    </ClCompile>
    <ClCompile Include="Core\Memory\FreeListAllocator.cpp">
      <Filter>Core\Memory</Filter>
    </ClCompile>
    <ClCompile Include="Core\Memory\PoolAllocator.cpp">
      <Filter>Core\Memory</Filter>
    </ClCompile>
    <ClCompile Include="Core\Memory\ProxyAllocator.cpp">
      <Filter>Core\Memory</Filter>
    </ClCompile>
  </ItemGroup>
  <ItemGroup>
    <ResourceCompile Include="Resources\Resources.rc" />
  </ItemGroup>
</Project>